
Microsoft Visual Studio Solution File, Format Version 12.00
# Visual Studio 14
VisualStudioVersion = 14.0.23107.0
MinimumVisualStudioVersion = 10.0.40219.1
Project("{FAE04EC0-301F-11D3-BF4B-00C04F79EFBC}") = "Gtc.AssertionSourceInfo", "AssertionSourceInfo\Gtc.AssertionSourceInfo.csproj", "{88EA5C0E-4E31-4A50-A1EC-5857656A9067}"
EndProject
Project("{FAE04EC0-301F-11D3-BF4B-00C04F79EFBC}") = "Tests", "Tests\Tests.csproj", "{54C76926-4BCB-469E-A863-64DB18CE3885}"
EndProject
Global
	GlobalSection(SolutionConfigurationPlatforms) = preSolution
		Debug|Any CPU = Debug|Any CPU
		Release|Any CPU = Release|Any CPU
	EndGlobalSection
	GlobalSection(ProjectConfigurationPlatforms) = postSolution
		{88EA5C0E-4E31-4A50-A1EC-5857656A9067}.Debug|Any CPU.ActiveCfg = Debug|Any CPU
		{88EA5C0E-4E31-4A50-A1EC-5857656A9067}.Debug|Any CPU.Build.0 = Debug|Any CPU
		{88EA5C0E-4E31-4A50-A1EC-5857656A9067}.Release|Any CPU.ActiveCfg = Release|Any CPU
		{88EA5C0E-4E31-4A50-A1EC-5857656A9067}.Release|Any CPU.Build.0 = Release|Any CPU
		{54C76926-4BCB-469E-A863-64DB18CE3885}.Debug|Any CPU.ActiveCfg = Debug|Any CPU
		{54C76926-4BCB-469E-A863-64DB18CE3885}.Debug|Any CPU.Build.0 = Debug|Any CPU
		{54C76926-4BCB-469E-A863-64DB18CE3885}.Release|Any CPU.ActiveCfg = Release|Any CPU
		{54C76926-4BCB-469E-A863-64DB18CE3885}.Release|Any CPU.Build.0 = Release|Any CPU
	EndGlobalSection
	GlobalSection(SolutionProperties) = preSolution
		HideSolutionNode = FALSE
	EndGlobalSection
EndGlobal
